
Microsoft Visual Studio Solution File, Format Version 12.00
# Visual Studio Version 16
VisualStudioVersion = 16.0.31129.286
MinimumVisualStudioVersion = 10.0.40219.1
Project("{9A19103F-16F7-4668-BE54-9A1E7A4F7556}") = "LetsChess-UserService", "LetsChess-UserService\LetsChess-UserService.csproj", "{CBB5F21C-1F82-4AFC-925C-B16DAAEAB0FF}"
EndProject
Project("{9A19103F-16F7-4668-BE54-9A1E7A4F7556}") = "LetsChess-Backend", "LetsChess-Backend\LetsChess-Backend.csproj", "{3DA539E8-6E6A-4C8F-A6A6-BEF951F199F4}"
EndProject
Project("{2150E333-8FDC-42A3-9474-1A3956D46DE8}") = "Solution Items", "Solution Items", "{9EC88244-C915-4E71-98B1-649C7183ABF2}"
	ProjectSection(SolutionItems) = preProject
		docker-compose.yml = docker-compose.yml
	EndProjectSection
EndProject
Project("{9A19103F-16F7-4668-BE54-9A1E7A4F7556}") = "LetsChess-GameService", "LetsChess-GameService\LetsChess-GameService.csproj", "{9BF7A59E-13B9-4933-AF79-F565AA71F7BE}"
EndProject
Project("{2150E333-8FDC-42A3-9474-1A3956D46DE8}") = "Services", "Services", "{D9D467FA-B0BF-4FAB-A051-D606E2340F3E}"
EndProject
Project("{2150E333-8FDC-42A3-9474-1A3956D46DE8}") = "Gateway", "Gateway", "{83620C7E-A3C2-4706-BF73-7711424CC034}"
EndProject
Project("{9A19103F-16F7-4668-BE54-9A1E7A4F7556}") = "Letschess-ChatService", "Letschess-ChatService\Letschess-ChatService.csproj", "{25B2638A-9CC8-4CD0-BE0F-168F17C82ABD}"
EndProject
Project("{9A19103F-16F7-4668-BE54-9A1E7A4F7556}") = "LetsChess-AIService", "LetsChess-AIService\LetsChess-AIService.csproj", "{DE4A422E-46F1-4D45-BD71-D4DEEDDD30EB}"
EndProject
Project("{9A19103F-16F7-4668-BE54-9A1E7A4F7556}") = "LetsChess-MatchmakingService", "LetsChess-MatchmakingService\LetsChess-MatchmakingService.csproj", "{71277B56-AD8B-40E9-89BE-3205B26CBD24}"
EndProject
Project("{2150E333-8FDC-42A3-9474-1A3956D46DE8}") = "Helpers", "Helpers", "{03D6321A-8799-4AA9-ACB1-6890B2091B2A}"
EndProject
Project("{FAE04EC0-301F-11D3-BF4B-00C04F79EFBC}") = "LetsChess-Helpers", "LetsChess-Helpers\LetsChess-Helpers.csproj", "{CF1A6538-BA64-46D5-8DE0-D6145A194192}"
EndProject
Global
	GlobalSection(SolutionConfigurationPlatforms) = preSolution
		Debug|Any CPU = Debug|Any CPU
		Release|Any CPU = Release|Any CPU
	EndGlobalSection
	GlobalSection(ProjectConfigurationPlatforms) = postSolution
		{CBB5F21C-1F82-4AFC-925C-B16DAAEAB0FF}.Debug|Any CPU.ActiveCfg = Debug|Any CPU
		{CBB5F21C-1F82-4AFC-925C-B16DAAEAB0FF}.Debug|Any CPU.Build.0 = Debug|Any CPU
		{CBB5F21C-1F82-4AFC-925C-B16DAAEAB0FF}.Release|Any CPU.ActiveCfg = Release|Any CPU
		{CBB5F21C-1F82-4AFC-925C-B16DAAEAB0FF}.Release|Any CPU.Build.0 = Release|Any CPU
		{3DA539E8-6E6A-4C8F-A6A6-BEF951F199F4}.Debug|Any CPU.ActiveCfg = Debug|Any CPU
		{3DA539E8-6E6A-4C8F-A6A6-BEF951F199F4}.Debug|Any CPU.Build.0 = Debug|Any CPU
		{3DA539E8-6E6A-4C8F-A6A6-BEF951F199F4}.Release|Any CPU.ActiveCfg = Release|Any CPU
		{3DA539E8-6E6A-4C8F-A6A6-BEF951F199F4}.Release|Any CPU.Build.0 = Release|Any CPU
		{9BF7A59E-13B9-4933-AF79-F565AA71F7BE}.Debug|Any CPU.ActiveCfg = Debug|Any CPU
		{9BF7A59E-13B9-4933-AF79-F565AA71F7BE}.Debug|Any CPU.Build.0 = Debug|Any CPU
		{9BF7A59E-13B9-4933-AF79-F565AA71F7BE}.Release|Any CPU.ActiveCfg = Release|Any CPU
		{9BF7A59E-13B9-4933-AF79-F565AA71F7BE}.Release|Any CPU.Build.0 = Release|Any CPU
		{25B2638A-9CC8-4CD0-BE0F-168F17C82ABD}.Debug|Any CPU.ActiveCfg = Debug|Any CPU
		{25B2638A-9CC8-4CD0-BE0F-168F17C82ABD}.Debug|Any CPU.Build.0 = Debug|Any CPU
		{25B2638A-9CC8-4CD0-BE0F-168F17C82ABD}.Release|Any CPU.ActiveCfg = Release|Any CPU
		{25B2638A-9CC8-4CD0-BE0F-168F17C82ABD}.Release|Any CPU.Build.0 = Release|Any CPU
		{DE4A422E-46F1-4D45-BD71-D4DEEDDD30EB}.Debug|Any CPU.ActiveCfg = Debug|Any CPU
		{DE4A422E-46F1-4D45-BD71-D4DEEDDD30EB}.Debug|Any CPU.Build.0 = Debug|Any CPU
		{DE4A422E-46F1-4D45-BD71-D4DEEDDD30EB}.Release|Any CPU.ActiveCfg = Release|Any CPU
		{DE4A422E-46F1-4D45-BD71-D4DEEDDD30EB}.Release|Any CPU.Build.0 = Release|Any CPU
		{71277B56-AD8B-40E9-89BE-3205B26CBD24}.Debug|Any CPU.ActiveCfg = Debug|Any CPU
		{71277B56-AD8B-40E9-89BE-3205B26CBD24}.Debug|Any CPU.Build.0 = Debug|Any CPU
		{71277B56-AD8B-40E9-89BE-3205B26CBD24}.Release|Any CPU.ActiveCfg = Release|Any CPU
		{71277B56-AD8B-40E9-89BE-3205B26CBD24}.Release|Any CPU.Build.0 = Release|Any CPU
		{CF1A6538-BA64-46D5-8DE0-D6145A194192}.Debug|Any CPU.ActiveCfg = Debug|Any CPU
		{CF1A6538-BA64-46D5-8DE0-D6145A194192}.Debug|Any CPU.Build.0 = Debug|Any CPU
		{CF1A6538-BA64-46D5-8DE0-D6145A194192}.Release|Any CPU.ActiveCfg = Release|Any CPU
		{CF1A6538-BA64-46D5-8DE0-D6145A194192}.Release|Any CPU.Build.0 = Release|Any CPU
	EndGlobalSection
	GlobalSection(SolutionProperties) = preSolution
		HideSolutionNode = FALSE
	EndGlobalSection
	GlobalSection(NestedProjects) = preSolution
		{CBB5F21C-1F82-4AFC-925C-B16DAAEAB0FF} = {D9D467FA-B0BF-4FAB-A051-D606E2340F3E}
		{3DA539E8-6E6A-4C8F-A6A6-BEF951F199F4} = {83620C7E-A3C2-4706-BF73-7711424CC034}
		{9BF7A59E-13B9-4933-AF79-F565AA71F7BE} = {D9D467FA-B0BF-4FAB-A051-D606E2340F3E}
		{25B2638A-9CC8-4CD0-BE0F-168F17C82ABD} = {D9D467FA-B0BF-4FAB-A051-D606E2340F3E}
		{DE4A422E-46F1-4D45-BD71-D4DEEDDD30EB} = {D9D467FA-B0BF-4FAB-A051-D606E2340F3E}
		{71277B56-AD8B-40E9-89BE-3205B26CBD24} = {D9D467FA-B0BF-4FAB-A051-D606E2340F3E}
		{CF1A6538-BA64-46D5-8DE0-D6145A194192} = {03D6321A-8799-4AA9-ACB1-6890B2091B2A}
	EndGlobalSection
	GlobalSection(ExtensibilityGlobals) = postSolution
		SolutionGuid = {B754BC1C-6870-48D6-A872-AB07A99AF9EE}
	EndGlobalSection
EndGlobal
